
Microsoft Visual Studio Solution File, Format Version 12.00
# Visual Studio Version 16
VisualStudioVersion = 16.0.30225.117
MinimumVisualStudioVersion = 10.0.40219.1
Project("{9A19103F-16F7-4668-BE54-9A1E7A4F7556}") = "AmeisenBotX", "AmeisenBotX\AmeisenBotX.csproj", "{1326B622-769A-484F-A010-E6E2E942DC24}"
EndProject
Project("{9A19103F-16F7-4668-BE54-9A1E7A4F7556}") = "AmeisenBotX.Core", "AmeisenBotX.Core\AmeisenBotX.Core.csproj", "{A3A772C0-F564-4949-A189-31715B0CFDE1}"
EndProject
Project("{9A19103F-16F7-4668-BE54-9A1E7A4F7556}") = "AmeisenBotX.BehaviorTree", "AmeisenBotX.BehaviorTree\AmeisenBotX.BehaviorTree.csproj", "{D52545E4-F2DB-4C70-AC6F-F0E35EDA08F7}"
EndProject
Project("{9A19103F-16F7-4668-BE54-9A1E7A4F7556}") = "AmeisenBotX.Memory", "AmeisenBotX.Memory\AmeisenBotX.Memory.csproj", "{C417EC53-3EEE-4D88-A6C3-453C5E31EEA1}"
EndProject
Project("{9A19103F-16F7-4668-BE54-9A1E7A4F7556}") = "AmeisenBotX.Logging", "AmeisenBotX.Logging\AmeisenBotX.Logging.csproj", "{08024925-8DFC-47E6-9450-9190E65465CE}"
EndProject
Project("{9A19103F-16F7-4668-BE54-9A1E7A4F7556}") = "AmeisenBotX.RconClient", "AmeisenBotX.RconClient\AmeisenBotX.RconClient.csproj", "{AB1F39A7-2873-4E7E-902C-3BE2A63475B5}"
EndProject
Project("{9A19103F-16F7-4668-BE54-9A1E7A4F7556}") = "AmeisenBotX.Overlay", "AmeisenBotX.Overlay\AmeisenBotX.Overlay.csproj", "{5BD83C55-374D-4527-86D4-76B2AEBBE9C0}"
EndProject
Project("{9A19103F-16F7-4668-BE54-9A1E7A4F7556}") = "AmeisenBotX.Test", "AmeisenBotX.Test\AmeisenBotX.Test.csproj", "{6C3391A8-6F80-4FC2-8345-59F7A30E7628}"
EndProject
Project("{FAE04EC0-301F-11D3-BF4B-00C04F79EFBC}") = "AmeisenBotX.Wow335a", "AmeisenBotX.Wow335a\AmeisenBotX.Wow335a.csproj", "{3EFAA41A-B970-4B3A-B4B9-428B78BEDC4C}"
EndProject
Project("{FAE04EC0-301F-11D3-BF4B-00C04F79EFBC}") = "AmeisenBotX.Wow", "AmeisenBotX.Wow\AmeisenBotX.Wow.csproj", "{BEE7855B-64D8-4BBD-9B91-52B29FD222E8}"
EndProject
Project("{FAE04EC0-301F-11D3-BF4B-00C04F79EFBC}") = "AmeisenBotX.Common", "AmeisenBotX.Common\AmeisenBotX.Common.csproj", "{6C5EB018-D7D5-417E-B302-06B9F0448142}"
EndProject
Global
	GlobalSection(SolutionConfigurationPlatforms) = preSolution
		Debug|Any CPU = Debug|Any CPU
		Debug|x64 = Debug|x64
		Debug|x86 = Debug|x86
		Release|Any CPU = Release|Any CPU
		Release|x64 = Release|x64
		Release|x86 = Release|x86
	EndGlobalSection
	GlobalSection(ProjectConfigurationPlatforms) = postSolution
		{1326B622-769A-484F-A010-E6E2E942DC24}.Debug|Any CPU.ActiveCfg = Debug|Any CPU
		{1326B622-769A-484F-A010-E6E2E942DC24}.Debug|Any CPU.Build.0 = Debug|Any CPU
		{1326B622-769A-484F-A010-E6E2E942DC24}.Debug|x64.ActiveCfg = Debug|Any CPU
		{1326B622-769A-484F-A010-E6E2E942DC24}.Debug|x64.Build.0 = Debug|Any CPU
		{1326B622-769A-484F-A010-E6E2E942DC24}.Debug|x86.ActiveCfg = Debug|Any CPU
		{1326B622-769A-484F-A010-E6E2E942DC24}.Debug|x86.Build.0 = Debug|Any CPU
		{1326B622-769A-484F-A010-E6E2E942DC24}.Release|Any CPU.ActiveCfg = Release|Any CPU
		{1326B622-769A-484F-A010-E6E2E942DC24}.Release|Any CPU.Build.0 = Release|Any CPU
		{1326B622-769A-484F-A010-E6E2E942DC24}.Release|x64.ActiveCfg = Release|Any CPU
		{1326B622-769A-484F-A010-E6E2E942DC24}.Release|x64.Build.0 = Release|Any CPU
		{1326B622-769A-484F-A010-E6E2E942DC24}.Release|x86.ActiveCfg = Release|Any CPU
		{1326B622-769A-484F-A010-E6E2E942DC24}.Release|x86.Build.0 = Release|Any CPU
		{A3A772C0-F564-4949-A189-31715B0CFDE1}.Debug|Any CPU.ActiveCfg = Debug|Any CPU
		{A3A772C0-F564-4949-A189-31715B0CFDE1}.Debug|Any CPU.Build.0 = Debug|Any CPU
		{A3A772C0-F564-4949-A189-31715B0CFDE1}.Debug|x64.ActiveCfg = Debug|Any CPU
		{A3A772C0-F564-4949-A189-31715B0CFDE1}.Debug|x64.Build.0 = Debug|Any CPU
		{A3A772C0-F564-4949-A189-31715B0CFDE1}.Debug|x86.ActiveCfg = Debug|Any CPU
		{A3A772C0-F564-4949-A189-31715B0CFDE1}.Debug|x86.Build.0 = Debug|Any CPU
		{A3A772C0-F564-4949-A189-31715B0CFDE1}.Release|Any CPU.ActiveCfg = Release|Any CPU
		{A3A772C0-F564-4949-A189-31715B0CFDE1}.Release|Any CPU.Build.0 = Release|Any CPU
		{A3A772C0-F564-4949-A189-31715B0CFDE1}.Release|x64.ActiveCfg = Release|Any CPU
		{A3A772C0-F564-4949-A189-31715B0CFDE1}.Release|x64.Build.0 = Release|Any CPU
		{A3A772C0-F564-4949-A189-31715B0CFDE1}.Release|x86.ActiveCfg = Release|Any CPU
		{A3A772C0-F564-4949-A189-31715B0CFDE1}.Release|x86.Build.0 = Release|Any CPU
		{D52545E4-F2DB-4C70-AC6F-F0E35EDA08F7}.Debug|Any CPU.ActiveCfg = Debug|Any CPU
		{D52545E4-F2DB-4C70-AC6F-F0E35EDA08F7}.Debug|Any CPU.Build.0 = Debug|Any CPU
		{D52545E4-F2DB-4C70-AC6F-F0E35EDA08F7}.Debug|x64.ActiveCfg = Debug|Any CPU
		{D52545E4-F2DB-4C70-AC6F-F0E35EDA08F7}.Debug|x64.Build.0 = Debug|Any CPU
		{D52545E4-F2DB-4C70-AC6F-F0E35EDA08F7}.Debug|x86.ActiveCfg = Debug|Any CPU
		{D52545E4-F2DB-4C70-AC6F-F0E35EDA08F7}.Debug|x86.Build.0 = Debug|Any CPU
		{D52545E4-F2DB-4C70-AC6F-F0E35EDA08F7}.Release|Any CPU.ActiveCfg = Release|Any CPU
		{D52545E4-F2DB-4C70-AC6F-F0E35EDA08F7}.Release|Any CPU.Build.0 = Release|Any CPU
		{D52545E4-F2DB-4C70-AC6F-F0E35EDA08F7}.Release|x64.ActiveCfg = Release|Any CPU
		{D52545E4-F2DB-4C70-AC6F-F0E35EDA08F7}.Release|x64.Build.0 = Release|Any CPU
		{D52545E4-F2DB-4C70-AC6F-F0E35EDA08F7}.Release|x86.ActiveCfg = Release|Any CPU
		{D52545E4-F2DB-4C70-AC6F-F0E35EDA08F7}.Release|x86.Build.0 = Release|Any CPU
		{C417EC53-3EEE-4D88-A6C3-453C5E31EEA1}.Debug|Any CPU.ActiveCfg = Debug|Any CPU
		{C417EC53-3EEE-4D88-A6C3-453C5E31EEA1}.Debug|Any CPU.Build.0 = Debug|Any CPU
		{C417EC53-3EEE-4D88-A6C3-453C5E31EEA1}.Debug|x64.ActiveCfg = Debug|Any CPU
		{C417EC53-3EEE-4D88-A6C3-453C5E31EEA1}.Debug|x64.Build.0 = Debug|Any CPU
		{C417EC53-3EEE-4D88-A6C3-453C5E31EEA1}.Debug|x86.ActiveCfg = Debug|Any CPU
		{C417EC53-3EEE-4D88-A6C3-453C5E31EEA1}.Debug|x86.Build.0 = Debug|Any CPU
		{C417EC53-3EEE-4D88-A6C3-453C5E31EEA1}.Release|Any CPU.ActiveCfg = Release|Any CPU
		{C417EC53-3EEE-4D88-A6C3-453C5E31EEA1}.Release|Any CPU.Build.0 = Release|Any CPU
		{C417EC53-3EEE-4D88-A6C3-453C5E31EEA1}.Release|x64.ActiveCfg = Release|Any CPU
		{C417EC53-3EEE-4D88-A6C3-453C5E31EEA1}.Release|x64.Build.0 = Release|Any CPU
		{C417EC53-3EEE-4D88-A6C3-453C5E31EEA1}.Release|x86.ActiveCfg = Release|Any CPU
		{C417EC53-3EEE-4D88-A6C3-453C5E31EEA1}.Release|x86.Build.0 = Release|Any CPU
		{08024925-8DFC-47E6-9450-9190E65465CE}.Debug|Any CPU.ActiveCfg = Debug|Any CPU
		{08024925-8DFC-47E6-9450-9190E65465CE}.Debug|Any CPU.Build.0 = Debug|Any CPU
		{08024925-8DFC-47E6-9450-9190E65465CE}.Debug|x64.ActiveCfg = Debug|Any CPU
		{08024925-8DFC-47E6-9450-9190E65465CE}.Debug|x64.Build.0 = Debug|Any CPU
		{08024925-8DFC-47E6-9450-9190E65465CE}.Debug|x86.ActiveCfg = Debug|Any CPU
		{08024925-8DFC-47E6-9450-9190E65465CE}.Debug|x86.Build.0 = Debug|Any CPU
		{08024925-8DFC-47E6-9450-9190E65465CE}.Release|Any CPU.ActiveCfg = Release|Any CPU
		{08024925-8DFC-47E6-9450-9190E65465CE}.Release|Any CPU.Build.0 = Release|Any CPU
		{08024925-8DFC-47E6-9450-9190E65465CE}.Release|x64.ActiveCfg = Release|Any CPU
		{08024925-8DFC-47E6-9450-9190E65465CE}.Release|x64.Build.0 = Release|Any CPU
		{08024925-8DFC-47E6-9450-9190E65465CE}.Release|x86.ActiveCfg = Release|Any CPU
		{08024925-8DFC-47E6-9450-9190E65465CE}.Release|x86.Build.0 = Release|Any CPU
		{AB1F39A7-2873-4E7E-902C-3BE2A63475B5}.Debug|Any CPU.ActiveCfg = Debug|Any CPU
		{AB1F39A7-2873-4E7E-902C-3BE2A63475B5}.Debug|Any CPU.Build.0 = Debug|Any CPU
		{AB1F39A7-2873-4E7E-902C-3BE2A63475B5}.Debug|x64.ActiveCfg = Debug|Any CPU
		{AB1F39A7-2873-4E7E-902C-3BE2A63475B5}.Debug|x64.Build.0 = Debug|Any CPU
		{AB1F39A7-2873-4E7E-902C-3BE2A63475B5}.Debug|x86.ActiveCfg = Debug|Any CPU
		{AB1F39A7-2873-4E7E-902C-3BE2A63475B5}.Debug|x86.Build.0 = Debug|Any CPU
		{AB1F39A7-2873-4E7E-902C-3BE2A63475B5}.Release|Any CPU.ActiveCfg = Release|Any CPU
		{AB1F39A7-2873-4E7E-902C-3BE2A63475B5}.Release|Any CPU.Build.0 = Release|Any CPU
		{AB1F39A7-2873-4E7E-902C-3BE2A63475B5}.Release|x64.ActiveCfg = Release|Any CPU
		{AB1F39A7-2873-4E7E-902C-3BE2A63475B5}.Release|x64.Build.0 = Release|Any CPU
		{AB1F39A7-2873-4E7E-902C-3BE2A63475B5}.Release|x86.ActiveCfg = Release|Any CPU
		{AB1F39A7-2873-4E7E-902C-3BE2A63475B5}.Release|x86.Build.0 = Release|Any CPU
		{5BD83C55-374D-4527-86D4-76B2AEBBE9C0}.Debug|Any CPU.ActiveCfg = Debug|Any CPU
		{5BD83C55-374D-4527-86D4-76B2AEBBE9C0}.Debug|Any CPU.Build.0 = Debug|Any CPU
		{5BD83C55-374D-4527-86D4-76B2AEBBE9C0}.Debug|x64.ActiveCfg = Debug|Any CPU
		{5BD83C55-374D-4527-86D4-76B2AEBBE9C0}.Debug|x64.Build.0 = Debug|Any CPU
		{5BD83C55-374D-4527-86D4-76B2AEBBE9C0}.Debug|x86.ActiveCfg = Debug|Any CPU
		{5BD83C55-374D-4527-86D4-76B2AEBBE9C0}.Debug|x86.Build.0 = Debug|Any CPU
		{5BD83C55-374D-4527-86D4-76B2AEBBE9C0}.Release|Any CPU.ActiveCfg = Release|Any CPU
		{5BD83C55-374D-4527-86D4-76B2AEBBE9C0}.Release|Any CPU.Build.0 = Release|Any CPU
		{5BD83C55-374D-4527-86D4-76B2AEBBE9C0}.Release|x64.ActiveCfg = Release|Any CPU
		{5BD83C55-374D-4527-86D4-76B2AEBBE9C0}.Release|x64.Build.0 = Release|Any CPU
		{5BD83C55-374D-4527-86D4-76B2AEBBE9C0}.Release|x86.ActiveCfg = Release|Any CPU
		{5BD83C55-374D-4527-86D4-76B2AEBBE9C0}.Release|x86.Build.0 = Release|Any CPU
		{6C3391A8-6F80-4FC2-8345-59F7A30E7628}.Debug|Any CPU.ActiveCfg = Debug|Any CPU
		{6C3391A8-6F80-4FC2-8345-59F7A30E7628}.Debug|Any CPU.Build.0 = Debug|Any CPU
		{6C3391A8-6F80-4FC2-8345-59F7A30E7628}.Debug|x64.ActiveCfg = Debug|Any CPU
		{6C3391A8-6F80-4FC2-8345-59F7A30E7628}.Debug|x64.Build.0 = Debug|Any CPU
		{6C3391A8-6F80-4FC2-8345-59F7A30E7628}.Debug|x86.ActiveCfg = Debug|Any CPU
		{6C3391A8-6F80-4FC2-8345-59F7A30E7628}.Debug|x86.Build.0 = Debug|Any CPU
		{6C3391A8-6F80-4FC2-8345-59F7A30E7628}.Release|Any CPU.ActiveCfg = Release|Any CPU
		{6C3391A8-6F80-4FC2-8345-59F7A30E7628}.Release|Any CPU.Build.0 = Release|Any CPU
		{6C3391A8-6F80-4FC2-8345-59F7A30E7628}.Release|x64.ActiveCfg = Release|Any CPU
		{6C3391A8-6F80-4FC2-8345-59F7A30E7628}.Release|x64.Build.0 = Release|Any CPU
		{6C3391A8-6F80-4FC2-8345-59F7A30E7628}.Release|x86.ActiveCfg = Release|Any CPU
		{6C3391A8-6F80-4FC2-8345-59F7A30E7628}.Release|x86.Build.0 = Release|Any CPU
		{3EFAA41A-B970-4B3A-B4B9-428B78BEDC4C}.Debug|Any CPU.ActiveCfg = Debug|Any CPU
		{3EFAA41A-B970-4B3A-B4B9-428B78BEDC4C}.Debug|Any CPU.Build.0 = Debug|Any CPU
		{3EFAA41A-B970-4B3A-B4B9-428B78BEDC4C}.Debug|x64.ActiveCfg = Debug|Any CPU
		{3EFAA41A-B970-4B3A-B4B9-428B78BEDC4C}.Debug|x64.Build.0 = Debug|Any CPU
		{3EFAA41A-B970-4B3A-B4B9-428B78BEDC4C}.Debug|x86.ActiveCfg = Debug|Any CPU
		{3EFAA41A-B970-4B3A-B4B9-428B78BEDC4C}.Debug|x86.Build.0 = Debug|Any CPU
		{3EFAA41A-B970-4B3A-B4B9-428B78BEDC4C}.Release|Any CPU.ActiveCfg = Release|Any CPU
		{3EFAA41A-B970-4B3A-B4B9-428B78BEDC4C}.Release|Any CPU.Build.0 = Release|Any CPU
		{3EFAA41A-B970-4B3A-B4B9-428B78BEDC4C}.Release|x64.ActiveCfg = Release|Any CPU
		{3EFAA41A-B970-4B3A-B4B9-428B78BEDC4C}.Release|x64.Build.0 = Release|Any CPU
		{3EFAA41A-B970-4B3A-B4B9-428B78BEDC4C}.Release|x86.ActiveCfg = Release|Any CPU
		{3EFAA41A-B970-4B3A-B4B9-428B78BEDC4C}.Release|x86.Build.0 = Release|Any CPU
		{BEE7855B-64D8-4BBD-9B91-52B29FD222E8}.Debug|Any CPU.ActiveCfg = Debug|Any CPU
		{BEE7855B-64D8-4BBD-9B91-52B29FD222E8}.Debug|Any CPU.Build.0 = Debug|Any CPU
		{BEE7855B-64D8-4BBD-9B91-52B29FD222E8}.Debug|x64.ActiveCfg = Debug|Any CPU
		{BEE7855B-64D8-4BBD-9B91-52B29FD222E8}.Debug|x64.Build.0 = Debug|Any CPU
		{BEE7855B-64D8-4BBD-9B91-52B29FD222E8}.Debug|x86.ActiveCfg = Debug|Any CPU
		{BEE7855B-64D8-4BBD-9B91-52B29FD222E8}.Debug|x86.Build.0 = Debug|Any CPU
		{BEE7855B-64D8-4BBD-9B91-52B29FD222E8}.Release|Any CPU.ActiveCfg = Release|Any CPU
		{BEE7855B-64D8-4BBD-9B91-52B29FD222E8}.Release|Any CPU.Build.0 = Release|Any CPU
		{BEE7855B-64D8-4BBD-9B91-52B29FD222E8}.Release|x64.ActiveCfg = Release|Any CPU
		{BEE7855B-64D8-4BBD-9B91-52B29FD222E8}.Release|x64.Build.0 = Release|Any CPU
		{BEE7855B-64D8-4BBD-9B91-52B29FD222E8}.Release|x86.ActiveCfg = Release|Any CPU
		{BEE7855B-64D8-4BBD-9B91-52B29FD222E8}.Release|x86.Build.0 = Release|Any CPU
		{6C5EB018-D7D5-417E-B302-06B9F0448142}.Debug|Any CPU.ActiveCfg = Debug|Any CPU
		{6C5EB018-D7D5-417E-B302-06B9F0448142}.Debug|Any CPU.Build.0 = Debug|Any CPU
		{6C5EB018-D7D5-417E-B302-06B9F0448142}.Debug|x64.ActiveCfg = Debug|Any CPU
		{6C5EB018-D7D5-417E-B302-06B9F0448142}.Debug|x64.Build.0 = Debug|Any CPU
		{6C5EB018-D7D5-417E-B302-06B9F0448142}.Debug|x86.ActiveCfg = Debug|Any CPU
		{6C5EB018-D7D5-417E-B302-06B9F0448142}.Debug|x86.Build.0 = Debug|Any CPU
		{6C5EB018-D7D5-417E-B302-06B9F0448142}.Release|Any CPU.ActiveCfg = Release|Any CPU
		{6C5EB018-D7D5-417E-B302-06B9F0448142}.Release|Any CPU.Build.0 = Release|Any CPU
		{6C5EB018-D7D5-417E-B302-06B9F0448142}.Release|x64.ActiveCfg = Release|Any CPU
		{6C5EB018-D7D5-417E-B302-06B9F0448142}.Release|x64.Build.0 = Release|Any CPU
		{6C5EB018-D7D5-417E-B302-06B9F0448142}.Release|x86.ActiveCfg = Release|Any CPU
		{6C5EB018-D7D5-417E-B302-06B9F0448142}.Release|x86.Build.0 = Release|Any CPU
	EndGlobalSection
	GlobalSection(SolutionProperties) = preSolution
		HideSolutionNode = FALSE
	EndGlobalSection
	GlobalSection(ExtensibilityGlobals) = postSolution
		SolutionGuid = {8FC6E893-DC06-4F7B-9AA8-E7F7221A3003}
	EndGlobalSection
EndGlobal
