
Microsoft Visual Studio Solution File, Format Version 12.00
# Visual Studio Version 16
VisualStudioVersion = 16.0.30225.117
MinimumVisualStudioVersion = 10.0.40219.1
Project("{FAE04EC0-301F-11D3-BF4B-00C04F79EFBC}") = "AmeisenBotX", "AmeisenBotX\AmeisenBotX.csproj", "{1326B622-769A-484F-A010-E6E2E942DC24}"
EndProject
Project("{FAE04EC0-301F-11D3-BF4B-00C04F79EFBC}") = "AmeisenBotX.Core", "AmeisenBotX.Core\AmeisenBotX.Core.csproj", "{A3A772C0-F564-4949-A189-31715B0CFDE1}"
EndProject
Project("{FAE04EC0-301F-11D3-BF4B-00C04F79EFBC}") = "AmeisenBotX.BehaviorTree", "AmeisenBotX.BehaviorTree\AmeisenBotX.BehaviorTree.csproj", "{D52545E4-F2DB-4C70-AC6F-F0E35EDA08F7}"
EndProject
Project("{FAE04EC0-301F-11D3-BF4B-00C04F79EFBC}") = "AmeisenBotX.Memory", "AmeisenBotX.Memory\AmeisenBotX.Memory.csproj", "{C417EC53-3EEE-4D88-A6C3-453C5E31EEA1}"
EndProject
Project("{FAE04EC0-301F-11D3-BF4B-00C04F79EFBC}") = "AmeisenBotX.Logging", "AmeisenBotX.Logging\AmeisenBotX.Logging.csproj", "{08024925-8DFC-47E6-9450-9190E65465CE}"
EndProject
Project("{FAE04EC0-301F-11D3-BF4B-00C04F79EFBC}") = "AmeisenBotX.RconClient", "AmeisenBotX.RconClient\AmeisenBotX.RconClient.csproj", "{AB1F39A7-2873-4E7E-902C-3BE2A63475B5}"
EndProject
Project("{FAE04EC0-301F-11D3-BF4B-00C04F79EFBC}") = "AmeisenBotX.Overlay", "AmeisenBotX.Overlay\AmeisenBotX.Overlay.csproj", "{5BD83C55-374D-4527-86D4-76B2AEBBE9C0}"
EndProject
Project("{FAE04EC0-301F-11D3-BF4B-00C04F79EFBC}") = "AmeisenBotX.Designer", "AmeisenBotX.Designer\AmeisenBotX.Designer.csproj", "{3C9ECA0F-1AB3-4D17-8137-55E59A8AB771}"
EndProject
Project("{FAE04EC0-301F-11D3-BF4B-00C04F79EFBC}") = "AmeisenBotX.Test", "AmeisenBotX.Test\AmeisenBotX.Test.csproj", "{6C3391A8-6F80-4FC2-8345-59F7A30E7628}"
EndProject
Global
	GlobalSection(SolutionConfigurationPlatforms) = preSolution
		Debug|Any CPU = Debug|Any CPU
		Release|Any CPU = Release|Any CPU
	EndGlobalSection
	GlobalSection(ProjectConfigurationPlatforms) = postSolution
		{1326B622-769A-484F-A010-E6E2E942DC24}.Debug|Any CPU.ActiveCfg = Debug|Any CPU
		{1326B622-769A-484F-A010-E6E2E942DC24}.Debug|Any CPU.Build.0 = Debug|Any CPU
		{1326B622-769A-484F-A010-E6E2E942DC24}.Release|Any CPU.ActiveCfg = Release|Any CPU
		{1326B622-769A-484F-A010-E6E2E942DC24}.Release|Any CPU.Build.0 = Release|Any CPU
		{A3A772C0-F564-4949-A189-31715B0CFDE1}.Debug|Any CPU.ActiveCfg = Debug|Any CPU
		{A3A772C0-F564-4949-A189-31715B0CFDE1}.Debug|Any CPU.Build.0 = Debug|Any CPU
		{A3A772C0-F564-4949-A189-31715B0CFDE1}.Release|Any CPU.ActiveCfg = Release|Any CPU
		{A3A772C0-F564-4949-A189-31715B0CFDE1}.Release|Any CPU.Build.0 = Release|Any CPU
		{D52545E4-F2DB-4C70-AC6F-F0E35EDA08F7}.Debug|Any CPU.ActiveCfg = Debug|Any CPU
		{D52545E4-F2DB-4C70-AC6F-F0E35EDA08F7}.Debug|Any CPU.Build.0 = Debug|Any CPU
		{D52545E4-F2DB-4C70-AC6F-F0E35EDA08F7}.Release|Any CPU.ActiveCfg = Release|Any CPU
		{D52545E4-F2DB-4C70-AC6F-F0E35EDA08F7}.Release|Any CPU.Build.0 = Release|Any CPU
		{C417EC53-3EEE-4D88-A6C3-453C5E31EEA1}.Debug|Any CPU.ActiveCfg = Debug|Any CPU
		{C417EC53-3EEE-4D88-A6C3-453C5E31EEA1}.Debug|Any CPU.Build.0 = Debug|Any CPU
		{C417EC53-3EEE-4D88-A6C3-453C5E31EEA1}.Release|Any CPU.ActiveCfg = Release|Any CPU
		{C417EC53-3EEE-4D88-A6C3-453C5E31EEA1}.Release|Any CPU.Build.0 = Release|Any CPU
		{08024925-8DFC-47E6-9450-9190E65465CE}.Debug|Any CPU.ActiveCfg = Debug|Any CPU
		{08024925-8DFC-47E6-9450-9190E65465CE}.Debug|Any CPU.Build.0 = Debug|Any CPU
		{08024925-8DFC-47E6-9450-9190E65465CE}.Release|Any CPU.ActiveCfg = Release|Any CPU
		{08024925-8DFC-47E6-9450-9190E65465CE}.Release|Any CPU.Build.0 = Release|Any CPU
		{AB1F39A7-2873-4E7E-902C-3BE2A63475B5}.Debug|Any CPU.ActiveCfg = Debug|Any CPU
		{AB1F39A7-2873-4E7E-902C-3BE2A63475B5}.Debug|Any CPU.Build.0 = Debug|Any CPU
		{AB1F39A7-2873-4E7E-902C-3BE2A63475B5}.Release|Any CPU.ActiveCfg = Release|Any CPU
		{AB1F39A7-2873-4E7E-902C-3BE2A63475B5}.Release|Any CPU.Build.0 = Release|Any CPU
		{5BD83C55-374D-4527-86D4-76B2AEBBE9C0}.Debug|Any CPU.ActiveCfg = Debug|Any CPU
		{5BD83C55-374D-4527-86D4-76B2AEBBE9C0}.Debug|Any CPU.Build.0 = Debug|Any CPU
		{5BD83C55-374D-4527-86D4-76B2AEBBE9C0}.Release|Any CPU.ActiveCfg = Release|Any CPU
		{5BD83C55-374D-4527-86D4-76B2AEBBE9C0}.Release|Any CPU.Build.0 = Release|Any CPU
		{3C9ECA0F-1AB3-4D17-8137-55E59A8AB771}.Debug|Any CPU.ActiveCfg = Debug|Any CPU
		{3C9ECA0F-1AB3-4D17-8137-55E59A8AB771}.Debug|Any CPU.Build.0 = Debug|Any CPU
		{3C9ECA0F-1AB3-4D17-8137-55E59A8AB771}.Release|Any CPU.ActiveCfg = Release|Any CPU
		{3C9ECA0F-1AB3-4D17-8137-55E59A8AB771}.Release|Any CPU.Build.0 = Release|Any CPU
		{6C3391A8-6F80-4FC2-8345-59F7A30E7628}.Debug|Any CPU.ActiveCfg = Debug|Any CPU
		{6C3391A8-6F80-4FC2-8345-59F7A30E7628}.Debug|Any CPU.Build.0 = Debug|Any CPU
		{6C3391A8-6F80-4FC2-8345-59F7A30E7628}.Release|Any CPU.ActiveCfg = Release|Any CPU
		{6C3391A8-6F80-4FC2-8345-59F7A30E7628}.Release|Any CPU.Build.0 = Release|Any CPU
	EndGlobalSection
	GlobalSection(SolutionProperties) = preSolution
		HideSolutionNode = FALSE
	EndGlobalSection
	GlobalSection(ExtensibilityGlobals) = postSolution
		SolutionGuid = {8FC6E893-DC06-4F7B-9AA8-E7F7221A3003}
	EndGlobalSection
EndGlobal
